
Microsoft Visual Studio Solution File, Format Version 12.00
# Visual Studio Version 17
VisualStudioVersion = 17.3.32819.101
MinimumVisualStudioVersion = 10.0.40219.1
Project("{9A19103F-16F7-4668-BE54-9A1E7A4F7556}") = "Customers", "Customers.csproj", "{1523ED9F-0232-4892-ABA8-CEF4EFC98609}"
EndProject
Project("{9A19103F-16F7-4668-BE54-9A1E7A4F7556}") = "BankAccounts", "..\BankAccounts\BankAccounts.csproj", "{DBA57653-4AC0-49E4-82D2-7867BC51ED9B}"
EndProject
Project("{9A19103F-16F7-4668-BE54-9A1E7A4F7556}") = "GatewayService", "..\GatewayService\GatewayService.csproj", "{13B3F123-0996-442D-A339-F8DC509B8EDB}"
EndProject
Project("{FAE04EC0-301F-11D3-BF4B-00C04F79EFBC}") = "Aggregator", "..\Aggregator\Aggregator.csproj", "{2FAB05B5-9643-41FD-8DE6-EC57E6A9CFAB}"
EndProject
Global
	GlobalSection(SolutionConfigurationPlatforms) = preSolution
		Debug|Any CPU = Debug|Any CPU
		Release|Any CPU = Release|Any CPU
	EndGlobalSection
	GlobalSection(ProjectConfigurationPlatforms) = postSolution
		{1523ED9F-0232-4892-ABA8-CEF4EFC98609}.Debug|Any CPU.ActiveCfg = Debug|Any CPU
		{1523ED9F-0232-4892-ABA8-CEF4EFC98609}.Debug|Any CPU.Build.0 = Debug|Any CPU
		{1523ED9F-0232-4892-ABA8-CEF4EFC98609}.Release|Any CPU.ActiveCfg = Release|Any CPU
		{1523ED9F-0232-4892-ABA8-CEF4EFC98609}.Release|Any CPU.Build.0 = Release|Any CPU
		{DBA57653-4AC0-49E4-82D2-7867BC51ED9B}.Debug|Any CPU.ActiveCfg = Debug|Any CPU
		{DBA57653-4AC0-49E4-82D2-7867BC51ED9B}.Debug|Any CPU.Build.0 = Debug|Any CPU
		{DBA57653-4AC0-49E4-82D2-7867BC51ED9B}.Release|Any CPU.ActiveCfg = Release|Any CPU
		{DBA57653-4AC0-49E4-82D2-7867BC51ED9B}.Release|Any CPU.Build.0 = Release|Any CPU
		{13B3F123-0996-442D-A339-F8DC509B8EDB}.Debug|Any CPU.ActiveCfg = Debug|Any CPU
		{13B3F123-0996-442D-A339-F8DC509B8EDB}.Debug|Any CPU.Build.0 = Debug|Any CPU
		{13B3F123-0996-442D-A339-F8DC509B8EDB}.Release|Any CPU.ActiveCfg = Release|Any CPU
		{13B3F123-0996-442D-A339-F8DC509B8EDB}.Release|Any CPU.Build.0 = Release|Any CPU
		{2FAB05B5-9643-41FD-8DE6-EC57E6A9CFAB}.Debug|Any CPU.ActiveCfg = Debug|Any CPU
		{2FAB05B5-9643-41FD-8DE6-EC57E6A9CFAB}.Debug|Any CPU.Build.0 = Debug|Any CPU
		{2FAB05B5-9643-41FD-8DE6-EC57E6A9CFAB}.Release|Any CPU.ActiveCfg = Release|Any CPU
		{2FAB05B5-9643-41FD-8DE6-EC57E6A9CFAB}.Release|Any CPU.Build.0 = Release|Any CPU
	EndGlobalSection
	GlobalSection(SolutionProperties) = preSolution
		HideSolutionNode = FALSE
	EndGlobalSection
	GlobalSection(ExtensibilityGlobals) = postSolution
		SolutionGuid = {5805168D-7686-4767-919C-BD57CDAF37B0}
	EndGlobalSection
EndGlobal
